Microsoft Visual Studio Solution File, Format Version 12.00
# Visual Studio Version 17
VisualStudioVersion = 17.13.35818.85
MinimumVisualStudioVersion = 10.0.40219.1
Project("{8BC9CEB8-8B4A-11D0-8D11-00A0C91BC942}") = "Practice01", "Practice\Practice01\Practice01.vcxproj", "{B5F90D87-FADA-4196-9C2B-1D7EA577CE5B}"
EndProject
Project("{8BC9CEB8-8B4A-11D0-8D11-00A0C91BC942}") = "Practice03", "Practice\Practice03\Practice03.vcxproj", "{078C58D9-7129-4EC7-8633-C9010C72660D}"
EndProject
Project("{8BC9CEB8-8B4A-11D0-8D11-00A0C91BC942}") = "ConsoleApplication1", "ConsoleApplication1\ConsoleApplication1.vcxproj", "{8CFB6469-0D9F-4015-9470-E9F1A5D1C3D6}"
EndProject
Project("{8BC9CEB8-8B4A-11D0-8D11-00A0C91BC942}") = "Practice04", "Practice\Practice04\Practice04.vcxproj", "{1F4A3A40-814F-4DB3-878D-400131C22C08}"
EndProject
Project("{8BC9CEB8-8B4A-11D0-8D11-00A0C91BC942}") = "Practice05", "Practice\Practice05\Practice05.vcxproj", "{F7831ACB-287C-4EC0-8210-6B9B254F5ED5}"
EndProject
Project("{8BC9CEB8-8B4A-11D0-8D11-00A0C91BC942}") = "Practice06", "Practice\Practice06\Practice06.vcxproj", "{EA610CB2-5B93-4C54-86DE-8FCABE2A2F24}"
EndProject
Project("{8BC9CEB8-8B4A-11D0-8D11-00A0C91BC942}") = "Practice07", "Practice\Practice07\Practice07.vcxproj", "{1060E458-C9C3-44E8-BEB6-7A40E41EE6E8}"
EndProject
Project("{8BC9CEB8-8B4A-11D0-8D11-00A0C91BC942}") = "Practice08", "Practice\Practice08\Practice08.vcxproj", "{32D53F5E-9BB5-4EBB-9BB3-56F346FBB691}"
EndProject
Project("{8BC9CEB8-8B4A-11D0-8D11-00A0C91BC942}") = "Practice09", "Practice\Practice09\Practice09.vcxproj", "{5477C41E-8F1F-45EA-9DE7-4171CC8C44BF}"
EndProject
Project("{8BC9CEB8-8B4A-11D0-8D11-00A0C91BC942}") = "Practice10", "Practice\Practice10\Practice10.vcxproj", "{7EFB1FA5-BEFF-452F-8CB3-F8A095EC4DB7}"
EndProject
Project("{8BC9CEB8-8B4A-11D0-8D11-00A0C91BC942}") = "Practice02", "Practice\Practice02\Practice02.vcxproj", "{76A0E7E4-30AC-4E18-BD32-8F96643D9F58}"
EndProject
Project("{8BC9CEB8-8B4A-11D0-8D11-00A0C91BC942}") = "practice04_1a", "Practice\Practice04\practice04_1a\practice04_1a.vcxproj", "{1A83B90D-D3F6-4B3B-BCEC-42EA06CB032C}"
EndProject
Project("{8BC9CEB8-8B4A-11D0-8D11-00A0C91BC942}") = "practice04_2a", "Practice\Practice04\practice04_2a\practice04_2a.vcxproj", "{4841814A-9033-4F9B-9910-9397E4620031}"
EndProject
Project("{8BC9CEB8-8B4A-11D0-8D11-00A0C91BC942}") = "practice04_3b", "Practice\Practice04\practice04_3b\practice04_3b.vcxproj", "{AA6FFF7B-C789-450A-9CC5-AC82BCD641DC}"
EndProject
Project("{8BC9CEB8-8B4A-11D0-8D11-00A0C91BC942}") = "practice05_1a", "Practice\Practice05\practice05_1a\practice05_1a.vcxproj", "{2D7EDBA5-595B-47D5-898E-E78832F5DACA}"
EndProject
Project("{8BC9CEB8-8B4A-11D0-8D11-00A0C91BC942}") = "practice05_2b", "practice05_2b\practice05_2b.vcxproj", "{BB49574C-CAFD-4B44-80A3-263CD5CB8163}"
EndProject
Project("{8BC9CEB8-8B4A-11D0-8D11-00A0C91BC942}") = "practice05_3b", "practice05_3b\practice05_3b.vcxproj", "{BECC815C-857A-4026-9C0E-D666D9CD4516}"
EndProject
Global
	GlobalSection(SolutionConfigurationPlatforms) = preSolution
		Debug|x64 = Debug|x64
		Debug|x86 = Debug|x86
		Release|x64 = Release|x64
		Release|x86 = Release|x86
	EndGlobalSection
	GlobalSection(ProjectConfigurationPlatforms) = postSolution
		{B5F90D87-FADA-4196-9C2B-1D7EA577CE5B}.Debug|x64.ActiveCfg = Debug|x64
		{B5F90D87-FADA-4196-9C2B-1D7EA577CE5B}.Debug|x64.Build.0 = Debug|x64
		{B5F90D87-FADA-4196-9C2B-1D7EA577CE5B}.Debug|x86.ActiveCfg = Debug|Win32
		{B5F90D87-FADA-4196-9C2B-1D7EA577CE5B}.Debug|x86.Build.0 = Debug|Win32
		{B5F90D87-FADA-4196-9C2B-1D7EA577CE5B}.Release|x64.ActiveCfg = Release|x64
		{B5F90D87-FADA-4196-9C2B-1D7EA577CE5B}.Release|x64.Build.0 = Release|x64
		{B5F90D87-FADA-4196-9C2B-1D7EA577CE5B}.Release|x86.ActiveCfg = Release|Win32
		{B5F90D87-FADA-4196-9C2B-1D7EA577CE5B}.Release|x86.Build.0 = Release|Win32
		{078C58D9-7129-4EC7-8633-C9010C72660D}.Debug|x64.ActiveCfg = Debug|x64
		{078C58D9-7129-4EC7-8633-C9010C72660D}.Debug|x64.Build.0 = Debug|x64
		{078C58D9-7129-4EC7-8633-C9010C72660D}.Debug|x86.ActiveCfg = Debug|Win32
		{078C58D9-7129-4EC7-8633-C9010C72660D}.Debug|x86.Build.0 = Debug|Win32
		{078C58D9-7129-4EC7-8633-C9010C72660D}.Release|x64.ActiveCfg = Release|x64
		{078C58D9-7129-4EC7-8633-C9010C72660D}.Release|x64.Build.0 = Release|x64
		{078C58D9-7129-4EC7-8633-C9010C72660D}.Release|x86.ActiveCfg = Release|Win32
		{078C58D9-7129-4EC7-8633-C9010C72660D}.Release|x86.Build.0 = Release|Win32
		{8CFB6469-0D9F-4015-9470-E9F1A5D1C3D6}.Debug|x64.ActiveCfg = Debug|x64
		{8CFB6469-0D9F-4015-9470-E9F1A5D1C3D6}.Debug|x64.Build.0 = Debug|x64
		{8CFB6469-0D9F-4015-9470-E9F1A5D1C3D6}.Debug|x86.ActiveCfg = Debug|Win32
		{8CFB6469-0D9F-4015-9470-E9F1A5D1C3D6}.Debug|x86.Build.0 = Debug|Win32
		{8CFB6469-0D9F-4015-9470-E9F1A5D1C3D6}.Release|x64.ActiveCfg = Release|x64
		{8CFB6469-0D9F-4015-9470-E9F1A5D1C3D6}.Release|x64.Build.0 = Release|x64
		{8CFB6469-0D9F-4015-9470-E9F1A5D1C3D6}.Release|x86.ActiveCfg = Release|Win32
		{8CFB6469-0D9F-4015-9470-E9F1A5D1C3D6}.Release|x86.Build.0 = Release|Win32
		{1F4A3A40-814F-4DB3-878D-400131C22C08}.Debug|x64.ActiveCfg = Debug|x64
		{1F4A3A40-814F-4DB3-878D-400131C22C08}.Debug|x64.Build.0 = Debug|x64
		{1F4A3A40-814F-4DB3-878D-400131C22C08}.Debug|x86.ActiveCfg = Debug|Win32
		{1F4A3A40-814F-4DB3-878D-400131C22C08}.Debug|x86.Build.0 = Debug|Win32
		{1F4A3A40-814F-4DB3-878D-400131C22C08}.Release|x64.ActiveCfg = Release|x64
		{1F4A3A40-814F-4DB3-878D-400131C22C08}.Release|x64.Build.0 = Release|x64
		{1F4A3A40-814F-4DB3-878D-400131C22C08}.Release|x86.ActiveCfg = Release|Win32
		{1F4A3A40-814F-4DB3-878D-400131C22C08}.Release|x86.Build.0 = Release|Win32
		{F7831ACB-287C-4EC0-8210-6B9B254F5ED5}.Debug|x64.ActiveCfg = Debug|x64
		{F7831ACB-287C-4EC0-8210-6B9B254F5ED5}.Debug|x64.Build.0 = Debug|x64
		{F7831ACB-287C-4EC0-8210-6B9B254F5ED5}.Debug|x86.ActiveCfg = Debug|Win32
		{F7831ACB-287C-4EC0-8210-6B9B254F5ED5}.Debug|x86.Build.0 = Debug|Win32
		{F7831ACB-287C-4EC0-8210-6B9B254F5ED5}.Release|x64.ActiveCfg = Release|x64
		{F7831ACB-287C-4EC0-8210-6B9B254F5ED5}.Release|x64.Build.0 = Release|x64
		{F7831ACB-287C-4EC0-8210-6B9B254F5ED5}.Release|x86.ActiveCfg = Release|Win32
		{F7831ACB-287C-4EC0-8210-6B9B254F5ED5}.Release|x86.Build.0 = Release|Win32
		{EA610CB2-5B93-4C54-86DE-8FCABE2A2F24}.Debug|x64.ActiveCfg = Debug|x64
		{EA610CB2-5B93-4C54-86DE-8FCABE2A2F24}.Debug|x64.Build.0 = Debug|x64
		{EA610CB2-5B93-4C54-86DE-8FCABE2A2F24}.Debug|x86.ActiveCfg = Debug|Win32
		{EA610CB2-5B93-4C54-86DE-8FCABE2A2F24}.Debug|x86.Build.0 = Debug|Win32
		{EA610CB2-5B93-4C54-86DE-8FCABE2A2F24}.Release|x64.ActiveCfg = Release|x64
		{EA610CB2-5B93-4C54-86DE-8FCABE2A2F24}.Release|x64.Build.0 = Release|x64
		{EA610CB2-5B93-4C54-86DE-8FCABE2A2F24}.Release|x86.ActiveCfg = Release|Win32
		{EA610CB2-5B93-4C54-86DE-8FCABE2A2F24}.Release|x86.Build.0 = Release|Win32
		{1060E458-C9C3-44E8-BEB6-7A40E41EE6E8}.Debug|x64.ActiveCfg = Debug|x64
		{1060E458-C9C3-44E8-BEB6-7A40E41EE6E8}.Debug|x64.Build.0 = Debug|x64
		{1060E458-C9C3-44E8-BEB6-7A40E41EE6E8}.Debug|x86.ActiveCfg = Debug|Win32
		{1060E458-C9C3-44E8-BEB6-7A40E41EE6E8}.Debug|x86.Build.0 = Debug|Win32
		{1060E458-C9C3-44E8-BEB6-7A40E41EE6E8}.Release|x64.ActiveCfg = Release|x64
		{1060E458-C9C3-44E8-BEB6-7A40E41EE6E8}.Release|x64.Build.0 = Release|x64
		{1060E458-C9C3-44E8-BEB6-7A40E41EE6E8}.Release|x86.ActiveCfg = Release|Win32
		{1060E458-C9C3-44E8-BEB6-7A40E41EE6E8}.Release|x86.Build.0 = Release|Win32
		{32D53F5E-9BB5-4EBB-9BB3-56F346FBB691}.Debug|x64.ActiveCfg = Debug|x64
		{32D53F5E-9BB5-4EBB-9BB3-56F346FBB691}.Debug|x64.Build.0 = Debug|x64
		{32D53F5E-9BB5-4EBB-9BB3-56F346FBB691}.Debug|x86.ActiveCfg = Debug|Win32
		{32D53F5E-9BB5-4EBB-9BB3-56F346FBB691}.Debug|x86.Build.0 = Debug|Win32
		{32D53F5E-9BB5-4EBB-9BB3-56F346FBB691}.Release|x64.ActiveCfg = Release|x64
		{32D53F5E-9BB5-4EBB-9BB3-56F346FBB691}.Release|x64.Build.0 = Release|x64
		{32D53F5E-9BB5-4EBB-9BB3-56F346FBB691}.Release|x86.ActiveCfg = Release|Win32
		{32D53F5E-9BB5-4EBB-9BB3-56F346FBB691}.Release|x86.Build.0 = Release|Win32
		{5477C41E-8F1F-45EA-9DE7-4171CC8C44BF}.Debug|x64.ActiveCfg = Debug|x64
		{5477C41E-8F1F-45EA-9DE7-4171CC8C44BF}.Debug|x64.Build.0 = Debug|x64
		{5477C41E-8F1F-45EA-9DE7-4171CC8C44BF}.Debug|x86.ActiveCfg = Debug|Win32
		{5477C41E-8F1F-45EA-9DE7-4171CC8C44BF}.Debug|x86.Build.0 = Debug|Win32
		{5477C41E-8F1F-45EA-9DE7-4171CC8C44BF}.Release|x64.ActiveCfg = Release|x64
		{5477C41E-8F1F-45EA-9DE7-4171CC8C44BF}.Release|x64.Build.0 = Release|x64
		{5477C41E-8F1F-45EA-9DE7-4171CC8C44BF}.Release|x86.ActiveCfg = Release|Win32
		{5477C41E-8F1F-45EA-9DE7-4171CC8C44BF}.Release|x86.Build.0 = Release|Win32
		{7EFB1FA5-BEFF-452F-8CB3-F8A095EC4DB7}.Debug|x64.ActiveCfg = Debug|x64
		{7EFB1FA5-BEFF-452F-8CB3-F8A095EC4DB7}.Debug|x64.Build.0 = Debug|x64
		{7EFB1FA5-BEFF-452F-8CB3-F8A095EC4DB7}.Debug|x86.ActiveCfg = Debug|Win32
		{7EFB1FA5-BEFF-452F-8CB3-F8A095EC4DB7}.Debug|x86.Build.0 = Debug|Win32
		{7EFB1FA5-BEFF-452F-8CB3-F8A095EC4DB7}.Release|x64.ActiveCfg = Release|x64
		{7EFB1FA5-BEFF-452F-8CB3-F8A095EC4DB7}.Release|x64.Build.0 = Release|x64
		{7EFB1FA5-BEFF-452F-8CB3-F8A095EC4DB7}.Release|x86.ActiveCfg = Release|Win32
		{7EFB1FA5-BEFF-452F-8CB3-F8A095EC4DB7}.Release|x86.Build.0 = Release|Win32
		{76A0E7E4-30AC-4E18-BD32-8F96643D9F58}.Debug|x64.ActiveCfg = Debug|x64
		{76A0E7E4-30AC-4E18-BD32-8F96643D9F58}.Debug|x64.Build.0 = Debug|x64
		{76A0E7E4-30AC-4E18-BD32-8F96643D9F58}.Debug|x86.ActiveCfg = Debug|Win32
		{76A0E7E4-30AC-4E18-BD32-8F96643D9F58}.Debug|x86.Build.0 = Debug|Win32
		{76A0E7E4-30AC-4E18-BD32-8F96643D9F58}.Release|x64.ActiveCfg = Release|x64
		{76A0E7E4-30AC-4E18-BD32-8F96643D9F58}.Release|x64.Build.0 = Release|x64
		{76A0E7E4-30AC-4E18-BD32-8F96643D9F58}.Release|x86.ActiveCfg = Release|Win32
		{76A0E7E4-30AC-4E18-BD32-8F96643D9F58}.Release|x86.Build.0 = Release|Win32
		{1A83B90D-D3F6-4B3B-BCEC-42EA06CB032C}.Debug|x64.ActiveCfg = Debug|x64
		{1A83B90D-D3F6-4B3B-BCEC-42EA06CB032C}.Debug|x64.Build.0 = Debug|x64
		{1A83B90D-D3F6-4B3B-BCEC-42EA06CB032C}.Debug|x86.ActiveCfg = Debug|Win32
		{1A83B90D-D3F6-4B3B-BCEC-42EA06CB032C}.Debug|x86.Build.0 = Debug|Win32
		{1A83B90D-D3F6-4B3B-BCEC-42EA06CB032C}.Release|x64.ActiveCfg = Release|x64
		{1A83B90D-D3F6-4B3B-BCEC-42EA06CB032C}.Release|x64.Build.0 = Release|x64
		{1A83B90D-D3F6-4B3B-BCEC-42EA06CB032C}.Release|x86.ActiveCfg = Release|Win32
		{1A83B90D-D3F6-4B3B-BCEC-42EA06CB032C}.Release|x86.Build.0 = Release|Win32
		{4841814A-9033-4F9B-9910-9397E4620031}.Debug|x64.ActiveCfg = Debug|x64
		{4841814A-9033-4F9B-9910-9397E4620031}.Debug|x64.Build.0 = Debug|x64
		{4841814A-9033-4F9B-9910-9397E4620031}.Debug|x86.ActiveCfg = Debug|Win32
		{4841814A-9033-4F9B-9910-9397E4620031}.Debug|x86.Build.0 = Debug|Win32
		{4841814A-9033-4F9B-9910-9397E4620031}.Release|x64.ActiveCfg = Release|x64
		{4841814A-9033-4F9B-9910-9397E4620031}.Release|x64.Build.0 = Release|x64
		{4841814A-9033-4F9B-9910-9397E4620031}.Release|x86.ActiveCfg = Release|Win32
		{4841814A-9033-4F9B-9910-9397E4620031}.Release|x86.Build.0 = Release|Win32
		{AA6FFF7B-C789-450A-9CC5-AC82BCD641DC}.Debug|x64.ActiveCfg = Debug|x64
		{AA6FFF7B-C789-450A-9CC5-AC82BCD641DC}.Debug|x64.Build.0 = Debug|x64
		{AA6FFF7B-C789-450A-9CC5-AC82BCD641DC}.Debug|x86.ActiveCfg = Debug|Win32
		{AA6FFF7B-C789-450A-9CC5-AC82BCD641DC}.Debug|x86.Build.0 = Debug|Win32
		{AA6FFF7B-C789-450A-9CC5-AC82BCD641DC}.Release|x64.ActiveCfg = Release|x64
		{AA6FFF7B-C789-450A-9CC5-AC82BCD641DC}.Release|x64.Build.0 = Release|x64
		{AA6FFF7B-C789-450A-9CC5-AC82BCD641DC}.Release|x86.ActiveCfg = Release|Win32
		{AA6FFF7B-C789-450A-9CC5-AC82BCD641DC}.Release|x86.Build.0 = Release|Win32
		{2D7EDBA5-595B-47D5-898E-E78832F5DACA}.Debug|x64.ActiveCfg = Debug|x64
		{2D7EDBA5-595B-47D5-898E-E78832F5DACA}.Debug|x64.Build.0 = Debug|x64
		{2D7EDBA5-595B-47D5-898E-E78832F5DACA}.Debug|x86.ActiveCfg = Debug|Win32
		{2D7EDBA5-595B-47D5-898E-E78832F5DACA}.Debug|x86.Build.0 = Debug|Win32
		{2D7EDBA5-595B-47D5-898E-E78832F5DACA}.Release|x64.ActiveCfg = Release|x64
		{2D7EDBA5-595B-47D5-898E-E78832F5DACA}.Release|x64.Build.0 = Release|x64
		{2D7EDBA5-595B-47D5-898E-E78832F5DACA}.Release|x86.ActiveCfg = Release|Win32
		{2D7EDBA5-595B-47D5-898E-E78832F5DACA}.Release|x86.Build.0 = Release|Win32
		{BB49574C-CAFD-4B44-80A3-263CD5CB8163}.Debug|x64.ActiveCfg = Debug|x64
		{BB49574C-CAFD-4B44-80A3-263CD5CB8163}.Debug|x64.Build.0 = Debug|x64
		{BB49574C-CAFD-4B44-80A3-263CD5CB8163}.Debug|x86.ActiveCfg = Debug|Win32
		{BB49574C-CAFD-4B44-80A3-263CD5CB8163}.Debug|x86.Build.0 = Debug|Win32
		{BB49574C-CAFD-4B44-80A3-263CD5CB8163}.Release|x64.ActiveCfg = Release|x64
		{BB49574C-CAFD-4B44-80A3-263CD5CB8163}.Release|x64.Build.0 = Release|x64
		{BB49574C-CAFD-4B44-80A3-263CD5CB8163}.Release|x86.ActiveCfg = Release|Win32
		{BB49574C-CAFD-4B44-80A3-263CD5CB8163}.Release|x86.Build.0 = Release|Win32
		{BECC815C-857A-4026-9C0E-D666D9CD4516}.Debug|x64.ActiveCfg = Debug|x64
		{BECC815C-857A-4026-9C0E-D666D9CD4516}.Debug|x64.Build.0 = Debug|x64
		{BECC815C-857A-4026-9C0E-D666D9CD4516}.Debug|x86.ActiveCfg = Debug|Win32
		{BECC815C-857A-4026-9C0E-D666D9CD4516}.Debug|x86.Build.0 = Debug|Win32
		{BECC815C-857A-4026-9C0E-D666D9CD4516}.Release|x64.ActiveCfg = Release|x64
		{BECC815C-857A-4026-9C0E-D666D9CD4516}.Release|x64.Build.0 = Release|x64
		{BECC815C-857A-4026-9C0E-D666D9CD4516}.Release|x86.ActiveCfg = Release|Win32
		{BECC815C-857A-4026-9C0E-D666D9CD4516}.Release|x86.Build.0 = Release|Win32
	EndGlobalSection
	GlobalSection(SolutionProperties) = preSolution
		HideSolutionNode = FALSE
	EndGlobalSection
	GlobalSection(ExtensibilityGlobals) = postSolution
		SolutionGuid = {190DB68E-CE1F-44EE-9079-00B28E271F93}
	EndGlobalSection
EndGlobal
